
Microsoft Visual Studio Solution File, Format Version 12.00
# Visual Studio Version 16
VisualStudioVersion = 16.0.29609.76
MinimumVisualStudioVersion = 10.0.40219.1
Project("{FAE04EC0-301F-11D3-BF4B-00C04F79EFBC}") = "ClassLibrary1", "ClassLibrary1.csproj", "{BB20381E-443B-44A1-9C8A-42375A905C3F}"
EndProject
Global
	GlobalSection(SolutionConfigurationPlatforms) = preSolution
		Debug|Any CPU = Debug|Any CPU
		Release|Any CPU = Release|Any CPU
	EndGlobalSection
	GlobalSection(ProjectConfigurationPlatforms) = postSolution
		{BB20381E-443B-44A1-9C8A-42375A905C3F}.Debug|Any CPU.ActiveCfg = Debug|Any CPU
		{BB20381E-443B-44A1-9C8A-42375A905C3F}.Debug|Any CPU.Build.0 = Debug|Any CPU
		{BB20381E-443B-44A1-9C8A-42375A905C3F}.Release|Any CPU.ActiveCfg = Release|Any CPU
		{BB20381E-443B-44A1-9C8A-42375A905C3F}.Release|Any CPU.Build.0 = Release|Any CPU
	EndGlobalSection
	GlobalSection(SolutionProperties) = preSolution
		HideSolutionNode = FALSE
	EndGlobalSection
	GlobalSection(ExtensibilityGlobals) = postSolution
		SolutionGuid = {D797378E-DEBD-4184-85D7-21D86B4B8D53}
	EndGlobalSection
EndGlobal
